Microsoft Visual Studio Solution File, Format Version 12.00
# Visual Studio 14
Project("{2150E333-8FDC-42A3-9474-1A3956D46DE8}") = "CMakePredefinedTargets", "CMakePredefinedTargets", "{9F25885A-78A4-313B-90CD-3A11FA9FF960}"
EndProject
Project("{8BC9CEB8-8B4A-11D0-8D11-00A0C91BC942}") = "ALL_BUILD", "ALL_BUILD.vcxproj", "{30D5027E-6ADE-3452-BB76-8585A117675F}"
	ProjectSection(ProjectDependencies) = postProject
		{0ECCA543-63A5-30C8-9460-F69F162753C7} = {0ECCA543-63A5-30C8-9460-F69F162753C7}
		{2C13522D-28FA-3EF5-A288-A2131BB24181} = {2C13522D-28FA-3EF5-A288-A2131BB24181}
	EndProjectSection
EndProject
Project("{8BC9CEB8-8B4A-11D0-8D11-00A0C91BC942}") = "INSTALL", "INSTALL.vcxproj", "{B2CB50E6-6C7D-3BC2-926A-644655E6A0A2}"
	ProjectSection(ProjectDependencies) = postProject
		{30D5027E-6ADE-3452-BB76-8585A117675F} = {30D5027E-6ADE-3452-BB76-8585A117675F}
		{0ECCA543-63A5-30C8-9460-F69F162753C7} = {0ECCA543-63A5-30C8-9460-F69F162753C7}
	EndProjectSection
EndProject
Project("{8BC9CEB8-8B4A-11D0-8D11-00A0C91BC942}") = "ZERO_CHECK", "..\..\\ZERO_CHECK.vcxproj", "{0ECCA543-63A5-30C8-9460-F69F162753C7}"
	ProjectSection(ProjectDependencies) = postProject
	EndProjectSection
EndProject
Project("{8BC9CEB8-8B4A-11D0-8D11-00A0C91BC942}") = "triangle", "triangle.vcxproj", "{2C13522D-28FA-3EF5-A288-A2131BB24181}"
	ProjectSection(ProjectDependencies) = postProject
		{0ECCA543-63A5-30C8-9460-F69F162753C7} = {0ECCA543-63A5-30C8-9460-F69F162753C7}
	EndProjectSection
EndProject
Global
	GlobalSection(SolutionConfigurationPlatforms) = preSolution
		Debug|x64 = Debug|x64
		Release|x64 = Release|x64
		MinSizeRel|x64 = MinSizeRel|x64
		RelWithDebInfo|x64 = RelWithDebInfo|x64
	EndGlobalSection
	GlobalSection(ProjectConfigurationPlatforms) = postSolution
		{30D5027E-6ADE-3452-BB76-8585A117675F}.Debug|x64.ActiveCfg = Debug|x64
		{30D5027E-6ADE-3452-BB76-8585A117675F}.Debug|x64.Build.0 = Debug|x64
		{30D5027E-6ADE-3452-BB76-8585A117675F}.Release|x64.ActiveCfg = Release|x64
		{30D5027E-6ADE-3452-BB76-8585A117675F}.Release|x64.Build.0 = Release|x64
		{30D5027E-6ADE-3452-BB76-8585A117675F}.MinSizeRel|x64.ActiveCfg = MinSizeRel|x64
		{30D5027E-6ADE-3452-BB76-8585A117675F}.MinSizeRel|x64.Build.0 = MinSizeRel|x64
		{30D5027E-6ADE-3452-BB76-8585A117675F}.RelWithDebInfo|x64.ActiveCfg = RelWithDebInfo|x64
		{30D5027E-6ADE-3452-BB76-8585A117675F}.RelWithDebInfo|x64.Build.0 = RelWithDebInfo|x64
		{B2CB50E6-6C7D-3BC2-926A-644655E6A0A2}.Debug|x64.ActiveCfg = Debug|x64
		{B2CB50E6-6C7D-3BC2-926A-644655E6A0A2}.Release|x64.ActiveCfg = Release|x64
		{B2CB50E6-6C7D-3BC2-926A-644655E6A0A2}.MinSizeRel|x64.ActiveCfg = MinSizeRel|x64
		{B2CB50E6-6C7D-3BC2-926A-644655E6A0A2}.RelWithDebInfo|x64.ActiveCfg = RelWithDebInfo|x64
		{0ECCA543-63A5-30C8-9460-F69F162753C7}.Debug|x64.ActiveCfg = Debug|x64
		{0ECCA543-63A5-30C8-9460-F69F162753C7}.Debug|x64.Build.0 = Debug|x64
		{0ECCA543-63A5-30C8-9460-F69F162753C7}.Release|x64.ActiveCfg = Release|x64
		{0ECCA543-63A5-30C8-9460-F69F162753C7}.Release|x64.Build.0 = Release|x64
		{0ECCA543-63A5-30C8-9460-F69F162753C7}.MinSizeRel|x64.ActiveCfg = MinSizeRel|x64
		{0ECCA543-63A5-30C8-9460-F69F162753C7}.MinSizeRel|x64.Build.0 = MinSizeRel|x64
		{0ECCA543-63A5-30C8-9460-F69F162753C7}.RelWithDebInfo|x64.ActiveCfg = RelWithDebInfo|x64
		{0ECCA543-63A5-30C8-9460-F69F162753C7}.RelWithDebInfo|x64.Build.0 = RelWithDebInfo|x64
		{2C13522D-28FA-3EF5-A288-A2131BB24181}.Debug|x64.ActiveCfg = Debug|x64
		{2C13522D-28FA-3EF5-A288-A2131BB24181}.Debug|x64.Build.0 = Debug|x64
		{2C13522D-28FA-3EF5-A288-A2131BB24181}.Release|x64.ActiveCfg = Release|x64
		{2C13522D-28FA-3EF5-A288-A2131BB24181}.Release|x64.Build.0 = Release|x64
		{2C13522D-28FA-3EF5-A288-A2131BB24181}.MinSizeRel|x64.ActiveCfg = MinSizeRel|x64
		{2C13522D-28FA-3EF5-A288-A2131BB24181}.MinSizeRel|x64.Build.0 = MinSizeRel|x64
		{2C13522D-28FA-3EF5-A288-A2131BB24181}.RelWithDebInfo|x64.ActiveCfg = RelWithDebInfo|x64
		{2C13522D-28FA-3EF5-A288-A2131BB24181}.RelWithDebInfo|x64.Build.0 = RelWithDebInfo|x64
	EndGlobalSection
	GlobalSection(NestedProjects) = preSolution
		{30D5027E-6ADE-3452-BB76-8585A117675F} = {9F25885A-78A4-313B-90CD-3A11FA9FF960}
		{B2CB50E6-6C7D-3BC2-926A-644655E6A0A2} = {9F25885A-78A4-313B-90CD-3A11FA9FF960}
		{0ECCA543-63A5-30C8-9460-F69F162753C7} = {9F25885A-78A4-313B-90CD-3A11FA9FF960}
	EndGlobalSection
	GlobalSection(ExtensibilityGlobals) = postSolution
	EndGlobalSection
	GlobalSection(ExtensibilityAddIns) = postSolution
	EndGlobalSection
EndGlobal
