<?xml version="1.0" encoding="UTF-8"?>
<Project ToolsVersion="14.0" xmlns="http://schemas.microsoft.com/developer/msbuild/2003">
  <ItemGroup>
    <ClCompile Include="E:\Ziqi\src\main.cpp">
      <Filter>Source Files</Filter>
    </ClCompile>
    <ClCompile Include="E:\Ziqi\src\clipper.cpp">
      <Filter>Source Files</Filter>
    </ClCompile>
  </ItemGroup>
  <ItemGroup>
    <ClInclude Include="E:\Ziqi\src\clipper.hpp">
      <Filter>Header Files</Filter>
    </ClInclude>
    <ClInclude Include="E:\Ziqi\src\hash_edge.h">
      <Filter>Header Files</Filter>
    </ClInclude>
    <ClInclude Include="E:\Ziqi\src\scene_organizer.h">
      <Filter>Header Files</Filter>
    </ClInclude>
    <ClInclude Include="E:\Ziqi\src\fermat_spirals.h">
      <Filter>Header Files</Filter>
    </ClInclude>
    <ClInclude Include="E:\Ziqi\src\gcode.h">
      <Filter>Header Files</Filter>
    </ClInclude>
    <ClInclude Include="E:\Ziqi\src\scan_line_fill.h">
      <Filter>Header Files</Filter>
    </ClInclude>
    <ClInclude Include="E:\Ziqi\src\mesh_slicer_base.h">
      <Filter>Header Files</Filter>
    </ClInclude>
    <ClInclude Include="E:\Ziqi\src\menu_function.h">
      <Filter>Header Files</Filter>
    </ClInclude>
    <ClInclude Include="E:\Ziqi\src\mesh_slicer_overhang.h">
      <Filter>Header Files</Filter>
    </ClInclude>
    <ClInclude Include="E:\Ziqi\src\mesh_layout_base.h">
      <Filter>Header Files</Filter>
    </ClInclude>
    <ClInclude Include="E:\Ziqi\src\mesh_layout_opt.h">
      <Filter>Header Files</Filter>
    </ClInclude>
    <ClInclude Include="E:\Ziqi\src\mesh_slicer_shift.h">
      <Filter>Header Files</Filter>
    </ClInclude>
    <ClInclude Include="E:\Ziqi\src\fermat_curve.h">
      <Filter>Header Files</Filter>
    </ClInclude>
    <ClInclude Include="E:\Ziqi\src\mesh_support_base.h">
      <Filter>Header Files</Filter>
    </ClInclude>
  </ItemGroup>
  <ItemGroup>
    <CustomBuild Include="E:\Ziqi\src\CMakeLists.txt" />
  </ItemGroup>
  <ItemGroup>
    <Filter Include="Source Files">
      <UniqueIdentifier>{67286F01-A0B9-37C3-9C76-F978DB2F3751}</UniqueIdentifier>
    </Filter>
    <Filter Include="Header Files">
      <UniqueIdentifier>{9E020CF0-E9AC-32A5-B18D-9AE19AF8AEAF}</UniqueIdentifier>
    </Filter>
  </ItemGroup>
</Project>
